
Microsoft Visual Studio Solution File, Format Version 12.00
# Visual Studio 15
VisualStudioVersion = 15.0.27703.2018
MinimumVisualStudioVersion = 10.0.40219.1
Project("{FAE04EC0-301F-11D3-BF4B-00C04F79EFBC}") = "BehaviorTrees", "C#\BehaviorTree\BehaviorTrees.csproj", "{78661BB1-28D3-4D2F-B463-974C06060741}"
EndProject
Project("{FAE04EC0-301F-11D3-BF4B-00C04F79EFBC}") = "BTConsole", "C#\BTConsole\BTConsole.csproj", "{DEF3B3F3-55B9-472F-B270-EFDD6B34D045}"
EndProject
Project("{8BC9CEB8-8B4A-11D0-8D11-00A0C91BC942}") = "BehaviorTreesLib", "C++\BehaviorTreesLib\BehaviorTreesLib.vcxproj", "{F1370DCE-F45F-46A1-88A1-4C0CEC683640}"
EndProject
Project("{8BC9CEB8-8B4A-11D0-8D11-00A0C91BC942}") = "BTConsoleCPP", "C++\BTConsoleCPP\BTConsoleCPP.vcxproj", "{7206B876-0D09-4764-A1F1-82132C9246D5}"
EndProject
Project("{8BC9CEB8-8B4A-11D0-8D11-00A0C91BC942}") = "BTMLParserCPP", "C++\BTMLParserCPP\BTMLParserCPP.vcxproj", "{FE24A866-9C09-4C45-858B-4189E112B3D7}"
EndProject
Project("{2150E333-8FDC-42A3-9474-1A3956D46DE8}") = "CS", "CS", "{4D176F26-9139-4C54-881E-C2897E3C9801}"
EndProject
Project("{2150E333-8FDC-42A3-9474-1A3956D46DE8}") = "CPP", "CPP", "{AB5BCAAC-ABA7-41B6-A4B7-FDB05E8B9885}"
EndProject
Project("{2150E333-8FDC-42A3-9474-1A3956D46DE8}") = "BTML", "BTML", "{CA6CF64C-89F8-413B-85A0-03FA3689FE92}"
	ProjectSection(SolutionItems) = preProject
		BTML\enter-room-tree.btml = BTML\enter-room-tree.btml
		BTML\README.md = BTML\README.md
		BTML\test-tree.btml = BTML\test-tree.btml
	EndProjectSection
EndProject
Project("{2150E333-8FDC-42A3-9474-1A3956D46DE8}") = "NodeGraph", "NodeGraph", "{96D22F18-7BB9-4C66-BFED-D0BDE9FFEB0D}"
EndProject
Project("{FAE04EC0-301F-11D3-BF4B-00C04F79EFBC}") = "BTTests", "UnitTestProject1\BTTests.csproj", "{B581DF7C-17E1-4AC4-82FB-8C8F926948F3}"
EndProject
Global
	GlobalSection(SolutionConfigurationPlatforms) = preSolution
		Debug|Any CPU = Debug|Any CPU
		Debug|x64 = Debug|x64
		Debug|x86 = Debug|x86
		Release|Any CPU = Release|Any CPU
		Release|x64 = Release|x64
		Release|x86 = Release|x86
	EndGlobalSection
	GlobalSection(ProjectConfigurationPlatforms) = postSolution
		{78661BB1-28D3-4D2F-B463-974C06060741}.Debug|Any CPU.ActiveCfg = Debug|Any CPU
		{78661BB1-28D3-4D2F-B463-974C06060741}.Debug|Any CPU.Build.0 = Debug|Any CPU
		{78661BB1-28D3-4D2F-B463-974C06060741}.Debug|x64.ActiveCfg = Debug|Any CPU
		{78661BB1-28D3-4D2F-B463-974C06060741}.Debug|x64.Build.0 = Debug|Any CPU
		{78661BB1-28D3-4D2F-B463-974C06060741}.Debug|x86.ActiveCfg = Debug|Any CPU
		{78661BB1-28D3-4D2F-B463-974C06060741}.Debug|x86.Build.0 = Debug|Any CPU
		{78661BB1-28D3-4D2F-B463-974C06060741}.Release|Any CPU.ActiveCfg = Release|Any CPU
		{78661BB1-28D3-4D2F-B463-974C06060741}.Release|Any CPU.Build.0 = Release|Any CPU
		{78661BB1-28D3-4D2F-B463-974C06060741}.Release|x64.ActiveCfg = Release|Any CPU
		{78661BB1-28D3-4D2F-B463-974C06060741}.Release|x64.Build.0 = Release|Any CPU
		{78661BB1-28D3-4D2F-B463-974C06060741}.Release|x86.ActiveCfg = Release|Any CPU
		{78661BB1-28D3-4D2F-B463-974C06060741}.Release|x86.Build.0 = Release|Any CPU
		{DEF3B3F3-55B9-472F-B270-EFDD6B34D045}.Debug|Any CPU.ActiveCfg = Debug|Any CPU
		{DEF3B3F3-55B9-472F-B270-EFDD6B34D045}.Debug|Any CPU.Build.0 = Debug|Any CPU
		{DEF3B3F3-55B9-472F-B270-EFDD6B34D045}.Debug|x64.ActiveCfg = Debug|Any CPU
		{DEF3B3F3-55B9-472F-B270-EFDD6B34D045}.Debug|x64.Build.0 = Debug|Any CPU
		{DEF3B3F3-55B9-472F-B270-EFDD6B34D045}.Debug|x86.ActiveCfg = Debug|Any CPU
		{DEF3B3F3-55B9-472F-B270-EFDD6B34D045}.Debug|x86.Build.0 = Debug|Any CPU
		{DEF3B3F3-55B9-472F-B270-EFDD6B34D045}.Release|Any CPU.ActiveCfg = Release|Any CPU
		{DEF3B3F3-55B9-472F-B270-EFDD6B34D045}.Release|Any CPU.Build.0 = Release|Any CPU
		{DEF3B3F3-55B9-472F-B270-EFDD6B34D045}.Release|x64.ActiveCfg = Release|Any CPU
		{DEF3B3F3-55B9-472F-B270-EFDD6B34D045}.Release|x64.Build.0 = Release|Any CPU
		{DEF3B3F3-55B9-472F-B270-EFDD6B34D045}.Release|x86.ActiveCfg = Release|Any CPU
		{DEF3B3F3-55B9-472F-B270-EFDD6B34D045}.Release|x86.Build.0 = Release|Any CPU
		{F1370DCE-F45F-46A1-88A1-4C0CEC683640}.Debug|Any CPU.ActiveCfg = Debug|Win32
		{F1370DCE-F45F-46A1-88A1-4C0CEC683640}.Debug|x64.ActiveCfg = Debug|x64
		{F1370DCE-F45F-46A1-88A1-4C0CEC683640}.Debug|x64.Build.0 = Debug|x64
		{F1370DCE-F45F-46A1-88A1-4C0CEC683640}.Debug|x86.ActiveCfg = Debug|Win32
		{F1370DCE-F45F-46A1-88A1-4C0CEC683640}.Debug|x86.Build.0 = Debug|Win32
		{F1370DCE-F45F-46A1-88A1-4C0CEC683640}.Release|Any CPU.ActiveCfg = Release|Win32
		{F1370DCE-F45F-46A1-88A1-4C0CEC683640}.Release|x64.ActiveCfg = Release|x64
		{F1370DCE-F45F-46A1-88A1-4C0CEC683640}.Release|x64.Build.0 = Release|x64
		{F1370DCE-F45F-46A1-88A1-4C0CEC683640}.Release|x86.ActiveCfg = Release|Win32
		{F1370DCE-F45F-46A1-88A1-4C0CEC683640}.Release|x86.Build.0 = Release|Win32
		{7206B876-0D09-4764-A1F1-82132C9246D5}.Debug|Any CPU.ActiveCfg = Debug|Win32
		{7206B876-0D09-4764-A1F1-82132C9246D5}.Debug|x64.ActiveCfg = Debug|x64
		{7206B876-0D09-4764-A1F1-82132C9246D5}.Debug|x64.Build.0 = Debug|x64
		{7206B876-0D09-4764-A1F1-82132C9246D5}.Debug|x86.ActiveCfg = Debug|Win32
		{7206B876-0D09-4764-A1F1-82132C9246D5}.Debug|x86.Build.0 = Debug|Win32
		{7206B876-0D09-4764-A1F1-82132C9246D5}.Release|Any CPU.ActiveCfg = Release|Win32
		{7206B876-0D09-4764-A1F1-82132C9246D5}.Release|x64.ActiveCfg = Release|x64
		{7206B876-0D09-4764-A1F1-82132C9246D5}.Release|x64.Build.0 = Release|x64
		{7206B876-0D09-4764-A1F1-82132C9246D5}.Release|x86.ActiveCfg = Release|Win32
		{7206B876-0D09-4764-A1F1-82132C9246D5}.Release|x86.Build.0 = Release|Win32
		{FE24A866-9C09-4C45-858B-4189E112B3D7}.Debug|Any CPU.ActiveCfg = Debug|Win32
		{FE24A866-9C09-4C45-858B-4189E112B3D7}.Debug|x64.ActiveCfg = Debug|x64
		{FE24A866-9C09-4C45-858B-4189E112B3D7}.Debug|x64.Build.0 = Debug|x64
		{FE24A866-9C09-4C45-858B-4189E112B3D7}.Debug|x86.ActiveCfg = Debug|Win32
		{FE24A866-9C09-4C45-858B-4189E112B3D7}.Debug|x86.Build.0 = Debug|Win32
		{FE24A866-9C09-4C45-858B-4189E112B3D7}.Release|Any CPU.ActiveCfg = Release|Win32
		{FE24A866-9C09-4C45-858B-4189E112B3D7}.Release|x64.ActiveCfg = Release|x64
		{FE24A866-9C09-4C45-858B-4189E112B3D7}.Release|x64.Build.0 = Release|x64
		{FE24A866-9C09-4C45-858B-4189E112B3D7}.Release|x86.ActiveCfg = Release|Win32
		{FE24A866-9C09-4C45-858B-4189E112B3D7}.Release|x86.Build.0 = Release|Win32
		{B581DF7C-17E1-4AC4-82FB-8C8F926948F3}.Debug|Any CPU.ActiveCfg = Debug|Any CPU
		{B581DF7C-17E1-4AC4-82FB-8C8F926948F3}.Debug|Any CPU.Build.0 = Debug|Any CPU
		{B581DF7C-17E1-4AC4-82FB-8C8F926948F3}.Debug|x64.ActiveCfg = Debug|Any CPU
		{B581DF7C-17E1-4AC4-82FB-8C8F926948F3}.Debug|x64.Build.0 = Debug|Any CPU
		{B581DF7C-17E1-4AC4-82FB-8C8F926948F3}.Debug|x86.ActiveCfg = Debug|Any CPU
		{B581DF7C-17E1-4AC4-82FB-8C8F926948F3}.Debug|x86.Build.0 = Debug|Any CPU
		{B581DF7C-17E1-4AC4-82FB-8C8F926948F3}.Release|Any CPU.ActiveCfg = Release|Any CPU
		{B581DF7C-17E1-4AC4-82FB-8C8F926948F3}.Release|Any CPU.Build.0 = Release|Any CPU
		{B581DF7C-17E1-4AC4-82FB-8C8F926948F3}.Release|x64.ActiveCfg = Release|Any CPU
		{B581DF7C-17E1-4AC4-82FB-8C8F926948F3}.Release|x64.Build.0 = Release|Any CPU
		{B581DF7C-17E1-4AC4-82FB-8C8F926948F3}.Release|x86.ActiveCfg = Release|Any CPU
		{B581DF7C-17E1-4AC4-82FB-8C8F926948F3}.Release|x86.Build.0 = Release|Any CPU
	EndGlobalSection
	GlobalSection(SolutionProperties) = preSolution
		HideSolutionNode = FALSE
	EndGlobalSection
	GlobalSection(NestedProjects) = preSolution
		{78661BB1-28D3-4D2F-B463-974C06060741} = {4D176F26-9139-4C54-881E-C2897E3C9801}
		{DEF3B3F3-55B9-472F-B270-EFDD6B34D045} = {4D176F26-9139-4C54-881E-C2897E3C9801}
		{F1370DCE-F45F-46A1-88A1-4C0CEC683640} = {AB5BCAAC-ABA7-41B6-A4B7-FDB05E8B9885}
		{7206B876-0D09-4764-A1F1-82132C9246D5} = {AB5BCAAC-ABA7-41B6-A4B7-FDB05E8B9885}
		{FE24A866-9C09-4C45-858B-4189E112B3D7} = {AB5BCAAC-ABA7-41B6-A4B7-FDB05E8B9885}
		{B581DF7C-17E1-4AC4-82FB-8C8F926948F3} = {4D176F26-9139-4C54-881E-C2897E3C9801}
	EndGlobalSection
	GlobalSection(ExtensibilityGlobals) = postSolution
		SolutionGuid = {6F961435-5BD1-4970-B956-0354F718C37D}
	EndGlobalSection
EndGlobal
